
Microsoft Visual Studio Solution File, Format Version 12.00
# Visual Studio Version 17
VisualStudioVersion = 17.9.34622.214
MinimumVisualStudioVersion = 10.0.40219.1
Project("{9A19103F-16F7-4668-BE54-9A1E7A4F7556}") = "CodePulse.API", "CodePulse.API\CodePulse.API.csproj", "{FAC2C577-EA25-4471-B0C9-AF1B98823C0D}"
EndProject
Global
	GlobalSection(SolutionConfigurationPlatforms) = preSolution
		Debug|Any CPU = Debug|Any CPU
		Release|Any CPU = Release|Any CPU
	EndGlobalSection
	GlobalSection(ProjectConfigurationPlatforms) = postSolution
		{FAC2C577-EA25-4471-B0C9-AF1B98823C0D}.Debug|Any CPU.ActiveCfg = Debug|Any CPU
		{FAC2C577-EA25-4471-B0C9-AF1B98823C0D}.Debug|Any CPU.Build.0 = Debug|Any CPU
		{FAC2C577-EA25-4471-B0C9-AF1B98823C0D}.Release|Any CPU.ActiveCfg = Release|Any CPU
		{FAC2C577-EA25-4471-B0C9-AF1B98823C0D}.Release|Any CPU.Build.0 = Release|Any CPU
	EndGlobalSection
	GlobalSection(SolutionProperties) = preSolution
		HideSolutionNode = FALSE
	EndGlobalSection
	GlobalSection(ExtensibilityGlobals) = postSolution
		SolutionGuid = {2BF6BA96-60C7-4944-AA74-7A1E939791C5}
	EndGlobalSection
EndGlobal
